
Microsoft Visual Studio Solution File, Format Version 12.00
# Visual Studio Version 16
VisualStudioVersion = 16.0.31321.278
MinimumVisualStudioVersion = 10.0.40219.1
Project("{FAE04EC0-301F-11D3-BF4B-00C04F79EFBC}") = "Recomendo.Website", "Recomendo.Website\Recomendo.Website.csproj", "{2E773562-F868-4128-9C24-EA115BA79A99}"
EndProject
Global
	GlobalSection(SolutionConfigurationPlatforms) = preSolution
		Debug|Any CPU = Debug|Any CPU
		Release|Any CPU = Release|Any CPU
	EndGlobalSection
	GlobalSection(ProjectConfigurationPlatforms) = postSolution
		{2E773562-F868-4128-9C24-EA115BA79A99}.Debug|Any CPU.ActiveCfg = Debug|Any CPU
		{2E773562-F868-4128-9C24-EA115BA79A99}.Debug|Any CPU.Build.0 = Debug|Any CPU
		{2E773562-F868-4128-9C24-EA115BA79A99}.Release|Any CPU.ActiveCfg = Release|Any CPU
		{2E773562-F868-4128-9C24-EA115BA79A99}.Release|Any CPU.Build.0 = Release|Any CPU
	EndGlobalSection
	GlobalSection(SolutionProperties) = preSolution
		HideSolutionNode = FALSE
	EndGlobalSection
	GlobalSection(ExtensibilityGlobals) = postSolution
		SolutionGuid = {859F217B-EF9B-4449-971E-FBBF8B5CAF15}
	EndGlobalSection
EndGlobal
